PODS:
  - FBSnapshotTestCase (2.1.4):
    - FBSnapshotTestCase/SwiftSupport (= 2.1.4)
  - FBSnapshotTestCase/Core (2.1.4)
  - FBSnapshotTestCase/SwiftSupport (2.1.4):
    - FBSnapshotTestCase/Core
  - Kiwi (3.0.0)
  - NMUIKit (0.1.0)

DEPENDENCIES:
  - FBSnapshotTestCase
  - Kiwi
  - NMUIKit (from `../`)

SPEC REPOS:
  https://github.com/cocoapods/specs.git:
    - FBSnapshotTestCase
    - Kiwi

EXTERNAL SOURCES:
  NMUIKit:
    :path: "../"

SPEC CHECKSUMS:
  FBSnapshotTestCase: 094f9f314decbabe373b87cc339bea235a63e07a
  Kiwi: fbeafef0f00e4d8f7dcb3420a4930afe70af77f7
  NMUIKit: efb7963641b468fb529d7d96bd97e7380b0dc57c

PODFILE CHECKSUM: 24751229d6ed86a6dde52b66a30f113baf4a5733

COCOAPODS: 1.6.2
